
Microsoft Visual Studio Solution File, Format Version 12.00
# Visual Studio Version 17
VisualStudioVersion = 17.8.34525.116
MinimumVisualStudioVersion = 10.0.40219.1
Project("{FAE04EC0-301F-11D3-BF4B-00C04F79EFBC}") = "ConsoleApp1", "ConsoleApp1.csproj", "{459B1E7C-4762-45A4-B469-3E34A7BC7808}"
EndProject
Global
	GlobalSection(SolutionConfigurationPlatforms) = preSolution
		Debug|Any CPU = Debug|Any CPU
		Release|Any CPU = Release|Any CPU
	EndGlobalSection
	GlobalSection(ProjectConfigurationPlatforms) = postSolution
		{459B1E7C-4762-45A4-B469-3E34A7BC7808}.Debug|Any CPU.ActiveCfg = Debug|Any CPU
		{459B1E7C-4762-45A4-B469-3E34A7BC7808}.Debug|Any CPU.Build.0 = Debug|Any CPU
		{459B1E7C-4762-45A4-B469-3E34A7BC7808}.Release|Any CPU.ActiveCfg = Release|Any CPU
		{459B1E7C-4762-45A4-B469-3E34A7BC7808}.Release|Any CPU.Build.0 = Release|Any CPU
	EndGlobalSection
	GlobalSection(SolutionProperties) = preSolution
		HideSolutionNode = FALSE
	EndGlobalSection
	GlobalSection(ExtensibilityGlobals) = postSolution
		SolutionGuid = {7A3D9BB3-25A2-48B9-BBB9-BEA35EFB23F8}
	EndGlobalSection
EndGlobal
